
Microsoft Visual Studio Solution File, Format Version 12.00
# Visual Studio Version 16
VisualStudioVersion = 16.0.30320.27
MinimumVisualStudioVersion = 10.0.40219.1
Project("{8BC9CEB8-8B4A-11D0-8D11-00A0C91BC942}") = "MainProject", "MainProject\MainProject.vcxproj", "{6711C5A0-F352-482A-BF4F-9D089CD6CAFA}"
EndProject
Project("{8BC9CEB8-8B4A-11D0-8D11-00A0C91BC942}") = "Test01Project", "Test01Project\Test01Project.vcxproj", "{68BC0374-353A-4063-8598-2BD732303B1A}"
EndProject
Project("{8BC9CEB8-8B4A-11D0-8D11-00A0C91BC942}") = "IntegerProject", "IntegerProject\IntegerProject.vcxproj", "{AA886744-C204-4237-912E-F31871FB6461}"
EndProject
Project("{8BC9CEB8-8B4A-11D0-8D11-00A0C91BC942}") = "AbstractDataStucturesProject", "AbstractDataStucturesProject\AbstractDataStucturesProject.vcxproj", "{C56D0912-B721-4680-8518-DA91C6936B53}"
EndProject
Project("{8BC9CEB8-8B4A-11D0-8D11-00A0C91BC942}") = "PointProject", "PointProject\PointProject.vcxproj", "{A5D2C673-DC2C-4D21-8F7A-CD280F1079B5}"
EndProject
Project("{8BC9CEB8-8B4A-11D0-8D11-00A0C91BC942}") = "AnimalProject", "AnimalProject\AnimalProject.vcxproj", "{46994AC0-8923-4064-981B-AF2418CACA0F}"
EndProject
Project("{8BC9CEB8-8B4A-11D0-8D11-00A0C91BC942}") = "TransportProject", "TransportProject\TransportProject.vcxproj", "{920A1060-89EE-47FF-8F6A-4456EF8D6EDD}"
EndProject
Project("{8BC9CEB8-8B4A-11D0-8D11-00A0C91BC942}") = "EditorProject", "EditorProject\EditorProject.vcxproj", "{C1A0D5F6-E7E4-4FD4-9C7D-915A30AD703B}"
EndProject
Global
	GlobalSection(SolutionConfigurationPlatforms) = preSolution
		Debug|x64 = Debug|x64
		Debug|x86 = Debug|x86
		Release|x64 = Release|x64
		Release|x86 = Release|x86
	EndGlobalSection
	GlobalSection(ProjectConfigurationPlatforms) = postSolution
		{6711C5A0-F352-482A-BF4F-9D089CD6CAFA}.Debug|x64.ActiveCfg = Debug|x64
		{6711C5A0-F352-482A-BF4F-9D089CD6CAFA}.Debug|x64.Build.0 = Debug|x64
		{6711C5A0-F352-482A-BF4F-9D089CD6CAFA}.Debug|x86.ActiveCfg = Debug|Win32
		{6711C5A0-F352-482A-BF4F-9D089CD6CAFA}.Debug|x86.Build.0 = Debug|Win32
		{6711C5A0-F352-482A-BF4F-9D089CD6CAFA}.Release|x64.ActiveCfg = Release|x64
		{6711C5A0-F352-482A-BF4F-9D089CD6CAFA}.Release|x64.Build.0 = Release|x64
		{6711C5A0-F352-482A-BF4F-9D089CD6CAFA}.Release|x86.ActiveCfg = Release|Win32
		{6711C5A0-F352-482A-BF4F-9D089CD6CAFA}.Release|x86.Build.0 = Release|Win32
		{68BC0374-353A-4063-8598-2BD732303B1A}.Debug|x64.ActiveCfg = Debug|x64
		{68BC0374-353A-4063-8598-2BD732303B1A}.Debug|x64.Build.0 = Debug|x64
		{68BC0374-353A-4063-8598-2BD732303B1A}.Debug|x86.ActiveCfg = Debug|Win32
		{68BC0374-353A-4063-8598-2BD732303B1A}.Debug|x86.Build.0 = Debug|Win32
		{68BC0374-353A-4063-8598-2BD732303B1A}.Release|x64.ActiveCfg = Release|x64
		{68BC0374-353A-4063-8598-2BD732303B1A}.Release|x64.Build.0 = Release|x64
		{68BC0374-353A-4063-8598-2BD732303B1A}.Release|x86.ActiveCfg = Release|Win32
		{68BC0374-353A-4063-8598-2BD732303B1A}.Release|x86.Build.0 = Release|Win32
		{AA886744-C204-4237-912E-F31871FB6461}.Debug|x64.ActiveCfg = Debug|x64
		{AA886744-C204-4237-912E-F31871FB6461}.Debug|x64.Build.0 = Debug|x64
		{AA886744-C204-4237-912E-F31871FB6461}.Debug|x86.ActiveCfg = Debug|Win32
		{AA886744-C204-4237-912E-F31871FB6461}.Debug|x86.Build.0 = Debug|Win32
		{AA886744-C204-4237-912E-F31871FB6461}.Release|x64.ActiveCfg = Release|x64
		{AA886744-C204-4237-912E-F31871FB6461}.Release|x64.Build.0 = Release|x64
		{AA886744-C204-4237-912E-F31871FB6461}.Release|x86.ActiveCfg = Release|Win32
		{AA886744-C204-4237-912E-F31871FB6461}.Release|x86.Build.0 = Release|Win32
		{C56D0912-B721-4680-8518-DA91C6936B53}.Debug|x64.ActiveCfg = Debug|x64
		{C56D0912-B721-4680-8518-DA91C6936B53}.Debug|x64.Build.0 = Debug|x64
		{C56D0912-B721-4680-8518-DA91C6936B53}.Debug|x86.ActiveCfg = Debug|Win32
		{C56D0912-B721-4680-8518-DA91C6936B53}.Debug|x86.Build.0 = Debug|Win32
		{C56D0912-B721-4680-8518-DA91C6936B53}.Release|x64.ActiveCfg = Release|x64
		{C56D0912-B721-4680-8518-DA91C6936B53}.Release|x64.Build.0 = Release|x64
		{C56D0912-B721-4680-8518-DA91C6936B53}.Release|x86.ActiveCfg = Release|Win32
		{C56D0912-B721-4680-8518-DA91C6936B53}.Release|x86.Build.0 = Release|Win32
		{A5D2C673-DC2C-4D21-8F7A-CD280F1079B5}.Debug|x64.ActiveCfg = Debug|x64
		{A5D2C673-DC2C-4D21-8F7A-CD280F1079B5}.Debug|x64.Build.0 = Debug|x64
		{A5D2C673-DC2C-4D21-8F7A-CD280F1079B5}.Debug|x86.ActiveCfg = Debug|Win32
		{A5D2C673-DC2C-4D21-8F7A-CD280F1079B5}.Debug|x86.Build.0 = Debug|Win32
		{A5D2C673-DC2C-4D21-8F7A-CD280F1079B5}.Release|x64.ActiveCfg = Release|x64
		{A5D2C673-DC2C-4D21-8F7A-CD280F1079B5}.Release|x64.Build.0 = Release|x64
		{A5D2C673-DC2C-4D21-8F7A-CD280F1079B5}.Release|x86.ActiveCfg = Release|Win32
		{A5D2C673-DC2C-4D21-8F7A-CD280F1079B5}.Release|x86.Build.0 = Release|Win32
		{46994AC0-8923-4064-981B-AF2418CACA0F}.Debug|x64.ActiveCfg = Debug|x64
		{46994AC0-8923-4064-981B-AF2418CACA0F}.Debug|x64.Build.0 = Debug|x64
		{46994AC0-8923-4064-981B-AF2418CACA0F}.Debug|x86.ActiveCfg = Debug|Win32
		{46994AC0-8923-4064-981B-AF2418CACA0F}.Debug|x86.Build.0 = Debug|Win32
		{46994AC0-8923-4064-981B-AF2418CACA0F}.Release|x64.ActiveCfg = Release|x64
		{46994AC0-8923-4064-981B-AF2418CACA0F}.Release|x64.Build.0 = Release|x64
		{46994AC0-8923-4064-981B-AF2418CACA0F}.Release|x86.ActiveCfg = Release|Win32
		{46994AC0-8923-4064-981B-AF2418CACA0F}.Release|x86.Build.0 = Release|Win32
		{920A1060-89EE-47FF-8F6A-4456EF8D6EDD}.Debug|x64.ActiveCfg = Debug|x64
		{920A1060-89EE-47FF-8F6A-4456EF8D6EDD}.Debug|x64.Build.0 = Debug|x64
		{920A1060-89EE-47FF-8F6A-4456EF8D6EDD}.Debug|x86.ActiveCfg = Debug|Win32
		{920A1060-89EE-47FF-8F6A-4456EF8D6EDD}.Debug|x86.Build.0 = Debug|Win32
		{920A1060-89EE-47FF-8F6A-4456EF8D6EDD}.Release|x64.ActiveCfg = Release|x64
		{920A1060-89EE-47FF-8F6A-4456EF8D6EDD}.Release|x64.Build.0 = Release|x64
		{920A1060-89EE-47FF-8F6A-4456EF8D6EDD}.Release|x86.ActiveCfg = Release|Win32
		{920A1060-89EE-47FF-8F6A-4456EF8D6EDD}.Release|x86.Build.0 = Release|Win32
		{C1A0D5F6-E7E4-4FD4-9C7D-915A30AD703B}.Debug|x64.ActiveCfg = Debug|x64
		{C1A0D5F6-E7E4-4FD4-9C7D-915A30AD703B}.Debug|x64.Build.0 = Debug|x64
		{C1A0D5F6-E7E4-4FD4-9C7D-915A30AD703B}.Debug|x86.ActiveCfg = Debug|Win32
		{C1A0D5F6-E7E4-4FD4-9C7D-915A30AD703B}.Debug|x86.Build.0 = Debug|Win32
		{C1A0D5F6-E7E4-4FD4-9C7D-915A30AD703B}.Release|x64.ActiveCfg = Release|x64
		{C1A0D5F6-E7E4-4FD4-9C7D-915A30AD703B}.Release|x64.Build.0 = Release|x64
		{C1A0D5F6-E7E4-4FD4-9C7D-915A30AD703B}.Release|x86.ActiveCfg = Release|Win32
		{C1A0D5F6-E7E4-4FD4-9C7D-915A30AD703B}.Release|x86.Build.0 = Release|Win32
	EndGlobalSection
	GlobalSection(SolutionProperties) = preSolution
		HideSolutionNode = FALSE
	EndGlobalSection
	GlobalSection(ExtensibilityGlobals) = postSolution
		SolutionGuid = {A50DEF4F-36D2-417E-AFD2-F1AD95B2E606}
	EndGlobalSection
EndGlobal
